
Microsoft Visual Studio Solution File, Format Version 12.00
# Visual Studio Version 16
VisualStudioVersion = 16.0.31729.503
MinimumVisualStudioVersion = 10.0.40219.1
Project("{8BC9CEB8-8B4A-11D0-8D11-00A0C91BC942}") = "sales cal", "sales cal.vcxproj", "{ABA1A141-4E1B-4DBE-9895-F016AC1E33B4}"
EndProject
Global
	GlobalSection(SolutionConfigurationPlatforms) = preSolution
		Debug|x64 = Debug|x64
		Debug|x86 = Debug|x86
		Release|x64 = Release|x64
		Release|x86 = Release|x86
	EndGlobalSection
	GlobalSection(ProjectConfigurationPlatforms) = postSolution
		{ABA1A141-4E1B-4DBE-9895-F016AC1E33B4}.Debug|x64.ActiveCfg = Debug|x64
		{ABA1A141-4E1B-4DBE-9895-F016AC1E33B4}.Debug|x64.Build.0 = Debug|x64
		{ABA1A141-4E1B-4DBE-9895-F016AC1E33B4}.Debug|x86.ActiveCfg = Debug|Win32
		{ABA1A141-4E1B-4DBE-9895-F016AC1E33B4}.Debug|x86.Build.0 = Debug|Win32
		{ABA1A141-4E1B-4DBE-9895-F016AC1E33B4}.Release|x64.ActiveCfg = Release|x64
		{ABA1A141-4E1B-4DBE-9895-F016AC1E33B4}.Release|x64.Build.0 = Release|x64
		{ABA1A141-4E1B-4DBE-9895-F016AC1E33B4}.Release|x86.ActiveCfg = Release|Win32
		{ABA1A141-4E1B-4DBE-9895-F016AC1E33B4}.Release|x86.Build.0 = Release|Win32
	EndGlobalSection
	GlobalSection(SolutionProperties) = preSolution
		HideSolutionNode = FALSE
	EndGlobalSection
	GlobalSection(ExtensibilityGlobals) = postSolution
		SolutionGuid = {891870C6-FE1F-4E2A-B598-D506CACC69EE}
	EndGlobalSection
EndGlobal
